
Microsoft Visual Studio Solution File, Format Version 12.00
# Visual Studio Version 17
VisualStudioVersion = 17.3.32811.315
MinimumVisualStudioVersion = 10.0.40219.1
Project("{FAE04EC0-301F-11D3-BF4B-00C04F79EFBC}") = "AddressBookRestSharp", "AddressBookRestSharp\AddressBookRestSharp.csproj", "{6302D684-F6CD-47E3-949D-E59D849B2CFD}"
EndProject
Global
	GlobalSection(SolutionConfigurationPlatforms) = preSolution
		Debug|Any CPU = Debug|Any CPU
		Release|Any CPU = Release|Any CPU
	EndGlobalSection
	GlobalSection(ProjectConfigurationPlatforms) = postSolution
		{6302D684-F6CD-47E3-949D-E59D849B2CFD}.Debug|Any CPU.ActiveCfg = Debug|Any CPU
		{6302D684-F6CD-47E3-949D-E59D849B2CFD}.Debug|Any CPU.Build.0 = Debug|Any CPU
		{6302D684-F6CD-47E3-949D-E59D849B2CFD}.Release|Any CPU.ActiveCfg = Release|Any CPU
		{6302D684-F6CD-47E3-949D-E59D849B2CFD}.Release|Any CPU.Build.0 = Release|Any CPU
	EndGlobalSection
	GlobalSection(SolutionProperties) = preSolution
		HideSolutionNode = FALSE
	EndGlobalSection
	GlobalSection(ExtensibilityGlobals) = postSolution
		SolutionGuid = {74133F96-3BE3-4784-99C1-A65612BE0AAD}
	EndGlobalSection
EndGlobal
